
Microsoft Visual Studio Solution File, Format Version 12.00
# Visual Studio Version 16
VisualStudioVersion = 16.0.30914.41
MinimumVisualStudioVersion = 10.0.40219.1
Project("{2150E333-8FDC-42A3-9474-1A3956D46DE8}") = "Client", "Client", "{6EA4BD60-5D45-4F49-A05B-8C8679708F46}"
EndProject
Project("{2150E333-8FDC-42A3-9474-1A3956D46DE8}") = "Models", "Models", "{302C37C3-1EA0-4C1F-9F91-075370BEC47B}"
EndProject
Project("{2150E333-8FDC-42A3-9474-1A3956D46DE8}") = "Services", "Services", "{1549F7ED-19A5-4E2C-9AB4-03134F42C89E}"
EndProject
Project("{FAE04EC0-301F-11D3-BF4B-00C04F79EFBC}") = "ConsoleClient", "ConsoleClient\ConsoleClient.csproj", "{2983E6AA-9837-4A82-84C4-982D19A0BD1B}"
EndProject
Project("{FAE04EC0-301F-11D3-BF4B-00C04F79EFBC}") = "Models", "Models\Models.csproj", "{9BD8EEA4-83E8-45B2-90AE-06D44F13F456}"
EndProject
Project("{FAE04EC0-301F-11D3-BF4B-00C04F79EFBC}") = "Service", "Service\Service.csproj", "{141062D0-4A21-4BA5-806B-ADC820397EE0}"
EndProject
Project("{2150E333-8FDC-42A3-9474-1A3956D46DE8}") = "Common", "Common", "{EF8E1180-B14A-4F76-AFF9-61A3DD51914E}"
EndProject
Project("{FAE04EC0-301F-11D3-BF4B-00C04F79EFBC}") = "Common", "Common\Common.csproj", "{4635C463-AFCA-47C5-A543-E97F233A8A2E}"
EndProject
Global
	GlobalSection(SolutionConfigurationPlatforms) = preSolution
		Debug|Any CPU = Debug|Any CPU
		Release|Any CPU = Release|Any CPU
	EndGlobalSection
	GlobalSection(ProjectConfigurationPlatforms) = postSolution
		{2983E6AA-9837-4A82-84C4-982D19A0BD1B}.Debug|Any CPU.ActiveCfg = Debug|Any CPU
		{2983E6AA-9837-4A82-84C4-982D19A0BD1B}.Debug|Any CPU.Build.0 = Debug|Any CPU
		{2983E6AA-9837-4A82-84C4-982D19A0BD1B}.Release|Any CPU.ActiveCfg = Release|Any CPU
		{2983E6AA-9837-4A82-84C4-982D19A0BD1B}.Release|Any CPU.Build.0 = Release|Any CPU
		{9BD8EEA4-83E8-45B2-90AE-06D44F13F456}.Debug|Any CPU.ActiveCfg = Debug|Any CPU
		{9BD8EEA4-83E8-45B2-90AE-06D44F13F456}.Debug|Any CPU.Build.0 = Debug|Any CPU
		{9BD8EEA4-83E8-45B2-90AE-06D44F13F456}.Release|Any CPU.ActiveCfg = Release|Any CPU
		{9BD8EEA4-83E8-45B2-90AE-06D44F13F456}.Release|Any CPU.Build.0 = Release|Any CPU
		{141062D0-4A21-4BA5-806B-ADC820397EE0}.Debug|Any CPU.ActiveCfg = Debug|Any CPU
		{141062D0-4A21-4BA5-806B-ADC820397EE0}.Debug|Any CPU.Build.0 = Debug|Any CPU
		{141062D0-4A21-4BA5-806B-ADC820397EE0}.Release|Any CPU.ActiveCfg = Release|Any CPU
		{141062D0-4A21-4BA5-806B-ADC820397EE0}.Release|Any CPU.Build.0 = Release|Any CPU
		{4635C463-AFCA-47C5-A543-E97F233A8A2E}.Debug|Any CPU.ActiveCfg = Debug|Any CPU
		{4635C463-AFCA-47C5-A543-E97F233A8A2E}.Debug|Any CPU.Build.0 = Debug|Any CPU
		{4635C463-AFCA-47C5-A543-E97F233A8A2E}.Release|Any CPU.ActiveCfg = Release|Any CPU
		{4635C463-AFCA-47C5-A543-E97F233A8A2E}.Release|Any CPU.Build.0 = Release|Any CPU
	EndGlobalSection
	GlobalSection(SolutionProperties) = preSolution
		HideSolutionNode = FALSE
	EndGlobalSection
	GlobalSection(NestedProjects) = preSolution
		{2983E6AA-9837-4A82-84C4-982D19A0BD1B} = {6EA4BD60-5D45-4F49-A05B-8C8679708F46}
		{9BD8EEA4-83E8-45B2-90AE-06D44F13F456} = {302C37C3-1EA0-4C1F-9F91-075370BEC47B}
		{141062D0-4A21-4BA5-806B-ADC820397EE0} = {1549F7ED-19A5-4E2C-9AB4-03134F42C89E}
		{4635C463-AFCA-47C5-A543-E97F233A8A2E} = {EF8E1180-B14A-4F76-AFF9-61A3DD51914E}
	EndGlobalSection
	GlobalSection(ExtensibilityGlobals) = postSolution
		SolutionGuid = {B3D431D7-617B-491D-BE16-F21C0AB087F8}
	EndGlobalSection
EndGlobal
